// !$*UTF8*$!
{
	archiveVersion = 1;
	classes = {
	};
	objectVersion = 56;
	objects = {

/* Begin PBXBuildFile section */
		8268A1132BDAFE5E0064FDCF /* ToDoListApp.swift in Sources */ = {isa = PBXBuildFile; fileRef = 8268A1122BDAFE5E0064FDCF /* ToDoListApp.swift */; };
		8268A1152BDAFE5E0064FDCF /* MainView.swift in Sources */ = {isa = PBXBuildFile; fileRef = 8268A1142BDAFE5E0064FDCF /* MainView.swift */; };
		8268A1172BDAFE5F0064FDCF /* Assets.xcassets in Resources */ = {isa = PBXBuildFile; fileRef = 8268A1162BDAFE5F0064FDCF /* Assets.xcassets */; };
		8268A11A2BDAFE5F0064FDCF /* Preview Assets.xcassets in Resources */ = {isa = PBXBuildFile; fileRef = 8268A1192BDAFE5F0064FDCF /* Preview Assets.xcassets */; };
		8268A1222BDAFEB30064FDCF /* FirebaseAuth in Frameworks */ = {isa = PBXBuildFile; productRef = 8268A1212BDAFEB30064FDCF /* FirebaseAuth */; };
		8268A1242BDAFEB30064FDCF /* FirebaseFirestore in Frameworks */ = {isa = PBXBuildFile; productRef = 8268A1232BDAFEB30064FDCF /* FirebaseFirestore */; };
		8268A1262BDAFEB30064FDCF /* FirebaseFirestoreSwift in Frameworks */ = {isa = PBXBuildFile; productRef = 8268A1252BDAFEB30064FDCF /* FirebaseFirestoreSwift */; };
		8268A12E2BDB01820064FDCF /* ProfileView.swift in Sources */ = {isa = PBXBuildFile; fileRef = 8268A12D2BDB01820064FDCF /* ProfileView.swift */; };
		8268A1302BDB018E0064FDCF /* ToDoListView.swift in Sources */ = {isa = PBXBuildFile; fileRef = 8268A12F2BDB018E0064FDCF /* ToDoListView.swift */; };
		8268A1322BDB01990064FDCF /* NewItemView.swift in Sources */ = {isa = PBXBuildFile; fileRef = 8268A1312BDB01990064FDCF /* NewItemView.swift */; };
		8268A1342BDB01A60064FDCF /* LoginView.swift in Sources */ = {isa = PBXBuildFile; fileRef = 8268A1332BDB01A60064FDCF /* LoginView.swift */; };
		8268A1362BDB01AE0064FDCF /* RegisterView.swift in Sources */ = {isa = PBXBuildFile; fileRef = 8268A1352BDB01AE0064FDCF /* RegisterView.swift */; };
		8268A1382BDB01E30064FDCF /* ToDoListItemView.swift in Sources */ = {isa = PBXBuildFile; fileRef = 8268A1372BDB01E30064FDCF /* ToDoListItemView.swift */; };
		8268A13A2BDB020D0064FDCF /* User.swift in Sources */ = {isa = PBXBuildFile; fileRef = 8268A1392BDB020D0064FDCF /* User.swift */; };
		8268A13C2BDB02150064FDCF /* ToDoListItem.swift in Sources */ = {isa = PBXBuildFile; fileRef = 8268A13B2BDB02150064FDCF /* ToDoListItem.swift */; };
		8268A13E2BDB023E0064FDCF /* MainViewViewModel.swift in Sources */ = {isa = PBXBuildFile; fileRef = 8268A13D2BDB023E0064FDCF /* MainViewViewModel.swift */; };
		8268A1402BDB024A0064FDCF /* LoginViewViewModel.swift in Sources */ = {isa = PBXBuildFile; fileRef = 8268A13F2BDB024A0064FDCF /* LoginViewViewModel.swift */; };
		8268A1422BDB02540064FDCF /* RegisterViewViewModel.swift in Sources */ = {isa = PBXBuildFile; fileRef = 8268A1412BDB02540064FDCF /* RegisterViewViewModel.swift */; };
		8268A1442BDB02630064FDCF /* ToDoListViewViewModel.swift in Sources */ = {isa = PBXBuildFile; fileRef = 8268A1432BDB02630064FDCF /* ToDoListViewViewModel.swift */; };
		8268A1462BDB02880064FDCF /* ToDoListItemViewViewModel.swift in Sources */ = {isa = PBXBuildFile; fileRef = 8268A1452BDB02880064FDCF /* ToDoListItemViewViewModel.swift */; };
		8268A1482BDB02920064FDCF /* NewItemViewViewModel.swift in Sources */ = {isa = PBXBuildFile; fileRef = 8268A1472BDB02920064FDCF /* NewItemViewViewModel.swift */; };
		8268A14A2BDB029E0064FDCF /* ProfileViewViewModel.swift in Sources */ = {isa = PBXBuildFile; fileRef = 8268A1492BDB029E0064FDCF /* ProfileViewViewModel.swift */; };
		8268A14C2BDB22350064FDCF /* HeaderView.swift in Sources */ = {isa = PBXBuildFile; fileRef = 8268A14B2BDB22350064FDCF /* HeaderView.swift */; };
		82ADA3322BDBF7B3008A6303 /* GoogleService-Info.plist in Resources */ = {isa = PBXBuildFile; fileRef = 82ADA3312BDBF7B3008A6303 /* GoogleService-Info.plist */; };
		82ADA3342BDC03E9008A6303 /* TLButton.swift in Sources */ = {isa = PBXBuildFile; fileRef = 82ADA3332BDC03E9008A6303 /* TLButton.swift */; };
		82ADA3362BDC1903008A6303 /* Extenstions.swift in Sources */ = {isa = PBXBuildFile; fileRef = 82ADA3352BDC1903008A6303 /* Extenstions.swift */; };
/* End PBXBuildFile section */

/* Begin PBXFileReference section */
		8268A10F2BDAFE5E0064FDCF /* ToDoList.app */ = {isa = PBXFileReference; explicitFileType = wrapper.application; includeInIndex = 0; path = ToDoList.app; sourceTree = BUILT_PRODUCTS_DIR; };
		8268A1122BDAFE5E0064FDCF /* ToDoListApp.swift */ = {isa = PBXFileReference; lastKnownFileType = sourcecode.swift; path = ToDoListApp.swift; sourceTree = "<group>"; };
		8268A1142BDAFE5E0064FDCF /* MainView.swift */ = {isa = PBXFileReference; lastKnownFileType = sourcecode.swift; path = MainView.swift; sourceTree = "<group>"; };
		8268A1162BDAFE5F0064FDCF /* Assets.xcassets */ = {isa = PBXFileReference; lastKnownFileType = folder.assetcatalog; path = Assets.xcassets; sourceTree = "<group>"; };
		8268A1192BDAFE5F0064FDCF /* Preview Assets.xcassets */ = {isa = PBXFileReference; lastKnownFileType = folder.assetcatalog; path = "Preview Assets.xcassets"; sourceTree = "<group>"; };
		8268A12D2BDB01820064FDCF /* ProfileView.swift */ = {isa = PBXFileReference; lastKnownFileType = sourcecode.swift; path = ProfileView.swift; sourceTree = "<group>"; };
		8268A12F2BDB018E0064FDCF /* ToDoListView.swift */ = {isa = PBXFileReference; lastKnownFileType = sourcecode.swift; path = ToDoListView.swift; sourceTree = "<group>"; };
		8268A1312BDB01990064FDCF /* NewItemView.swift */ = {isa = PBXFileReference; lastKnownFileType = sourcecode.swift; path = NewItemView.swift; sourceTree = "<group>"; };
		8268A1332BDB01A60064FDCF /* LoginView.swift */ = {isa = PBXFileReference; lastKnownFileType = sourcecode.swift; path = LoginView.swift; sourceTree = "<group>"; };
		8268A1352BDB01AE0064FDCF /* RegisterView.swift */ = {isa = PBXFileReference; lastKnownFileType = sourcecode.swift; path = RegisterView.swift; sourceTree = "<group>"; };
		8268A1372BDB01E30064FDCF /* ToDoListItemView.swift */ = {isa = PBXFileReference; lastKnownFileType = sourcecode.swift; path = ToDoListItemView.swift; sourceTree = "<group>"; };
		8268A1392BDB020D0064FDCF /* User.swift */ = {isa = PBXFileReference; lastKnownFileType = sourcecode.swift; path = User.swift; sourceTree = "<group>"; };
		8268A13B2BDB02150064FDCF /* ToDoListItem.swift */ = {isa = PBXFileReference; lastKnownFileType = sourcecode.swift; path = ToDoListItem.swift; sourceTree = "<group>"; };
		8268A13D2BDB023E0064FDCF /* MainViewViewModel.swift */ = {isa = PBXFileReference; lastKnownFileType = sourcecode.swift; path = MainViewViewModel.swift; sourceTree = "<group>"; };
		8268A13F2BDB024A0064FDCF /* LoginViewViewModel.swift */ = {isa = PBXFileReference; lastKnownFileType = sourcecode.swift; path = LoginViewViewModel.swift; sourceTree = "<group>"; };
		8268A1412BDB02540064FDCF /* RegisterViewViewModel.swift */ = {isa = PBXFileReference; lastKnownFileType = sourcecode.swift; path = RegisterViewViewModel.swift; sourceTree = "<group>"; };
		8268A1432BDB02630064FDCF /* ToDoListViewViewModel.swift */ = {isa = PBXFileReference; lastKnownFileType = sourcecode.swift; path = ToDoListViewViewModel.swift; sourceTree = "<group>"; };
		8268A1452BDB02880064FDCF /* ToDoListItemViewViewModel.swift */ = {isa = PBXFileReference; lastKnownFileType = sourcecode.swift; path = ToDoListItemViewViewModel.swift; sourceTree = "<group>"; };
		8268A1472BDB02920064FDCF /* NewItemViewViewModel.swift */ = {isa = PBXFileReference; lastKnownFileType = sourcecode.swift; path = NewItemViewViewModel.swift; sourceTree = "<group>"; };
		8268A1492BDB029E0064FDCF /* ProfileViewViewModel.swift */ = {isa = PBXFileReference; lastKnownFileType = sourcecode.swift; path = ProfileViewViewModel.swift; sourceTree = "<group>"; };
		8268A14B2BDB22350064FDCF /* HeaderView.swift */ = {isa = PBXFileReference; lastKnownFileType = sourcecode.swift; path = HeaderView.swift; sourceTree = "<group>"; };
		82ADA3312BDBF7B3008A6303 /* GoogleService-Info.plist */ = {isa = PBXFileReference; fileEncoding = 4; lastKnownFileType = text.plist.xml; path = "GoogleService-Info.plist"; sourceTree = "<group>"; };
		82ADA3332BDC03E9008A6303 /* TLButton.swift */ = {isa = PBXFileReference; lastKnownFileType = sourcecode.swift; path = TLButton.swift; sourceTree = "<group>"; };
		82ADA3352BDC1903008A6303 /* Extenstions.swift */ = {isa = PBXFileReference; lastKnownFileType = sourcecode.swift; path = Extenstions.swift; sourceTree = "<group>"; };
/* End PBXFileReference section */

/* Begin PBXFrameworksBuildPhase section */
		8268A10C2BDAFE5E0064FDCF /* Frameworks */ = {
			isa = PBXFrameworksBuildPhase;
			buildActionMask = 2147483647;
			files = (
				8268A1222BDAFEB30064FDCF /* FirebaseAuth in Frameworks */,
				8268A1242BDAFEB30064FDCF /* FirebaseFirestore in Frameworks */,
				8268A1262BDAFEB30064FDCF /* FirebaseFirestoreSwift in Frameworks */,
			);
			runOnlyForDeploymentPostprocessing = 0;
		};
/* End PBXFrameworksBuildPhase section */

/* Begin PBXGroup section */
		8268A1062BDAFE5E0064FDCF = {
			isa = PBXGroup;
			children = (
				8268A1112BDAFE5E0064FDCF /* ToDoList */,
				8268A1102BDAFE5E0064FDCF /* Products */,
			);
			sourceTree = "<group>";
		};
		8268A1102BDAFE5E0064FDCF /* Products */ = {
			isa = PBXGroup;
			children = (
				8268A10F2BDAFE5E0064FDCF /* ToDoList.app */,
			);
			name = Products;
			sourceTree = "<group>";
		};
		8268A1112BDAFE5E0064FDCF /* ToDoList */ = {
			isa = PBXGroup;
			children = (
				8268A12B2BDB009A0064FDCF /* Models */,
				8268A1292BDB00890064FDCF /* Views */,
				8268A12A2BDB00900064FDCF /* ViewModels */,
				8268A12C2BDB00BF0064FDCF /* Other */,
				8268A1162BDAFE5F0064FDCF /* Assets.xcassets */,
				8268A1182BDAFE5F0064FDCF /* Preview Content */,
			);
			path = ToDoList;
			sourceTree = "<group>";
		};
		8268A1182BDAFE5F0064FDCF /* Preview Content */ = {
			isa = PBXGroup;
			children = (
				8268A1192BDAFE5F0064FDCF /* Preview Assets.xcassets */,
			);
			path = "Preview Content";
			sourceTree = "<group>";
		};
		8268A1292BDB00890064FDCF /* Views */ = {
			isa = PBXGroup;
			children = (
				8268A1142BDAFE5E0064FDCF /* MainView.swift */,
				8268A1332BDB01A60064FDCF /* LoginView.swift */,
				8268A1352BDB01AE0064FDCF /* RegisterView.swift */,
				8268A12F2BDB018E0064FDCF /* ToDoListView.swift */,
				8268A1372BDB01E30064FDCF /* ToDoListItemView.swift */,
				8268A1312BDB01990064FDCF /* NewItemView.swift */,
				8268A12D2BDB01820064FDCF /* ProfileView.swift */,
				8268A14B2BDB22350064FDCF /* HeaderView.swift */,
				82ADA3332BDC03E9008A6303 /* TLButton.swift */,
			);
			path = Views;
			sourceTree = "<group>";
		};
		8268A12A2BDB00900064FDCF /* ViewModels */ = {
			isa = PBXGroup;
			children = (
				8268A13D2BDB023E0064FDCF /* MainViewViewModel.swift */,
				8268A13F2BDB024A0064FDCF /* LoginViewViewModel.swift */,
				8268A1412BDB02540064FDCF /* RegisterViewViewModel.swift */,
				8268A1432BDB02630064FDCF /* ToDoListViewViewModel.swift */,
				8268A1452BDB02880064FDCF /* ToDoListItemViewViewModel.swift */,
				8268A1472BDB02920064FDCF /* NewItemViewViewModel.swift */,
				8268A1492BDB029E0064FDCF /* ProfileViewViewModel.swift */,
			);
			path = ViewModels;
			sourceTree = "<group>";
		};
		8268A12B2BDB009A0064FDCF /* Models */ = {
			isa = PBXGroup;
			children = (
				8268A1392BDB020D0064FDCF /* User.swift */,
				8268A13B2BDB02150064FDCF /* ToDoListItem.swift */,
				82ADA3352BDC1903008A6303 /* Extenstions.swift */,
			);
			path = Models;
			sourceTree = "<group>";
		};
		8268A12C2BDB00BF0064FDCF /* Other */ = {
			isa = PBXGroup;
			children = (
				8268A1122BDAFE5E0064FDCF /* ToDoListApp.swift */,
				82ADA3312BDBF7B3008A6303 /* GoogleService-Info.plist */,
			);
			path = Other;
			sourceTree = "<group>";
		};
/* End PBXGroup section */

/* Begin PBXNativeTarget section */
		8268A10E2BDAFE5E0064FDCF /* ToDoList */ = {
			isa = PBXNativeTarget;
			buildConfigurationList = 8268A11D2BDAFE5F0064FDCF /* Build configuration list for PBXNativeTarget "ToDoList" */;
			buildPhases = (
				8268A10B2BDAFE5E0064FDCF /* Sources */,
				8268A10C2BDAFE5E0064FDCF /* Frameworks */,
				8268A10D2BDAFE5E0064FDCF /* Resources */,
			);
			buildRules = (
			);
			dependencies = (
			);
			name = ToDoList;
			packageProductDependencies = (
				8268A1212BDAFEB30064FDCF /* FirebaseAuth */,
				8268A1232BDAFEB30064FDCF /* FirebaseFirestore */,
				8268A1252BDAFEB30064FDCF /* FirebaseFirestoreSwift */,
			);
			productName = ToDoList;
			productReference = 8268A10F2BDAFE5E0064FDCF /* ToDoList.app */;
			productType = "com.apple.product-type.application";
		};
/* End PBXNativeTarget section */

/* Begin PBXProject section */
		8268A1072BDAFE5E0064FDCF /* Project object */ = {
			isa = PBXProject;
			attributes = {
				BuildIndependentTargetsInParallel = 1;
				LastSwiftUpdateCheck = 1530;
				LastUpgradeCheck = 1530;
				TargetAttributes = {
					8268A10E2BDAFE5E0064FDCF = {
						CreatedOnToolsVersion = 15.3;
					};
				};
			};
			buildConfigurationList = 8268A10A2BDAFE5E0064FDCF /* Build configuration list for PBXProject "ToDoList" */;
			compatibilityVersion = "Xcode 14.0";
			developmentRegion = en;
			hasScannedForEncodings = 0;
			knownRegions = (
				en,
				Base,
			);
			mainGroup = 8268A1062BDAFE5E0064FDCF;
			packageReferences = (
				8268A1202BDAFEB30064FDCF /* XCRemoteSwiftPackageReference "firebase-ios-sdk" */,
			);
			productRefGroup = 8268A1102BDAFE5E0064FDCF /* Products */;
			projectDirPath = "";
			projectRoot = "";
			targets = (
				8268A10E2BDAFE5E0064FDCF /* ToDoList */,
			);
		};
/* End PBXProject section */

/* Begin PBXResourcesBuildPhase section */
		8268A10D2BDAFE5E0064FDCF /* Resources */ = {
			isa = PBXResourcesBuildPhase;
			buildActionMask = 2147483647;
			files = (
				8268A11A2BDAFE5F0064FDCF /* Preview Assets.xcassets in Resources */,
				8268A1172BDAFE5F0064FDCF /* Assets.xcassets in Resources */,
				82ADA3322BDBF7B3008A6303 /* GoogleService-Info.plist in Resources */,
			);
			runOnlyForDeploymentPostprocessing = 0;
		};
/* End PBXResourcesBuildPhase section */

/* Begin PBXSourcesBuildPhase section */
		8268A10B2BDAFE5E0064FDCF /* Sources */ = {
			isa = PBXSourcesBuildPhase;
			buildActionMask = 2147483647;
			files = (
				8268A1342BDB01A60064FDCF /* LoginView.swift in Sources */,
				8268A14C2BDB22350064FDCF /* HeaderView.swift in Sources */,
				8268A1442BDB02630064FDCF /* ToDoListViewViewModel.swift in Sources */,
				8268A1152BDAFE5E0064FDCF /* MainView.swift in Sources */,
				8268A13E2BDB023E0064FDCF /* MainViewViewModel.swift in Sources */,
				8268A1302BDB018E0064FDCF /* ToDoListView.swift in Sources */,
				8268A1482BDB02920064FDCF /* NewItemViewViewModel.swift in Sources */,
				82ADA3342BDC03E9008A6303 /* TLButton.swift in Sources */,
				8268A1362BDB01AE0064FDCF /* RegisterView.swift in Sources */,
				8268A12E2BDB01820064FDCF /* ProfileView.swift in Sources */,
				8268A1462BDB02880064FDCF /* ToDoListItemViewViewModel.swift in Sources */,
				8268A13A2BDB020D0064FDCF /* User.swift in Sources */,
				8268A1422BDB02540064FDCF /* RegisterViewViewModel.swift in Sources */,
				8268A1402BDB024A0064FDCF /* LoginViewViewModel.swift in Sources */,
				8268A1382BDB01E30064FDCF /* ToDoListItemView.swift in Sources */,
				8268A1132BDAFE5E0064FDCF /* ToDoListApp.swift in Sources */,
				82ADA3362BDC1903008A6303 /* Extenstions.swift in Sources */,
				8268A14A2BDB029E0064FDCF /* ProfileViewViewModel.swift in Sources */,
				8268A13C2BDB02150064FDCF /* ToDoListItem.swift in Sources */,
				8268A1322BDB01990064FDCF /* NewItemView.swift in Sources */,
			);
			runOnlyForDeploymentPostprocessing = 0;
		};
/* End PBXSourcesBuildPhase section */

/* Begin XCBuildConfiguration section */
		8268A11B2BDAFE5F0064FDCF /* Debug */ = {
			isa = XCBuildConfiguration;
			buildSettings = {
				ALWAYS_SEARCH_USER_PATHS = NO;
				ASSETCATALOG_COMPILER_GENERATE_SWIFT_ASSET_SYMBOL_EXTENSIONS = YES;
				CLANG_ANALYZER_NONNULL = YES;
				CLANG_ANALYZER_NUMBER_OBJECT_CONVERSION = YES_AGGRESSIVE;
				CLANG_CXX_LANGUAGE_STANDARD = "gnu++20";
				CLANG_ENABLE_MODULES = YES;
				CLANG_ENABLE_OBJC_ARC = YES;
				CLANG_ENABLE_OBJC_WEAK = YES;
				CLANG_WARN_BLOCK_CAPTURE_AUTORELEASING = YES;
				CLANG_WARN_BOOL_CONVERSION = YES;
				CLANG_WARN_COMMA = YES;
				CLANG_WARN_CONSTANT_CONVERSION = YES;
				CLANG_WARN_DEPRECATED_OBJC_IMPLEMENTATIONS = YES;
				CLANG_WARN_DIRECT_OBJC_ISA_USAGE = YES_ERROR;
				CLANG_WARN_DOCUMENTATION_COMMENTS = YES;
				CLANG_WARN_EMPTY_BODY = YES;
				CLANG_WARN_ENUM_CONVERSION = YES;
				CLANG_WARN_INFINITE_RECURSION = YES;
				CLANG_WARN_INT_CONVERSION = YES;
				CLANG_WARN_NON_LITERAL_NULL_CONVERSION = YES;
				CLANG_WARN_OBJC_IMPLICIT_RETAIN_SELF = YES;
				CLANG_WARN_OBJC_LITERAL_CONVERSION = YES;
				CLANG_WARN_OBJC_ROOT_CLASS = YES_ERROR;
				CLANG_WARN_QUOTED_INCLUDE_IN_FRAMEWORK_HEADER = YES;
				CLANG_WARN_RANGE_LOOP_ANALYSIS = YES;
				CLANG_WARN_STRICT_PROTOTYPES = YES;
				CLANG_WARN_SUSPICIOUS_MOVE = YES;
				CLANG_WARN_UNGUARDED_AVAILABILITY = YES_AGGRESSIVE;
				CLANG_WARN_UNREACHABLE_CODE = YES;
				CLANG_WARN__DUPLICATE_METHOD_MATCH = YES;
				COPY_PHASE_STRIP = NO;
				DEBUG_INFORMATION_FORMAT = dwarf;
				ENABLE_STRICT_OBJC_MSGSEND = YES;
				ENABLE_TESTABILITY = YES;
				ENABLE_USER_SCRIPT_SANDBOXING = YES;
				GCC_C_LANGUAGE_STANDARD = gnu17;
				GCC_DYNAMIC_NO_PIC = NO;
				GCC_NO_COMMON_BLOCKS = YES;
				GCC_OPTIMIZATION_LEVEL = 0;
				GCC_PREPROCESSOR_DEFINITIONS = (
					"DEBUG=1",
					"$(inherited)",
				);
				GCC_WARN_64_TO_32_BIT_CONVERSION = YES;
				GCC_WARN_ABOUT_RETURN_TYPE = YES_ERROR;
				GCC_WARN_UNDECLARED_SELECTOR = YES;
				GCC_WARN_UNINITIALIZED_AUTOS = YES_AGGRESSIVE;
				GCC_WARN_UNUSED_FUNCTION = YES;
				GCC_WARN_UNUSED_VARIABLE = YES;
				IPHONEOS_DEPLOYMENT_TARGET = 17.4;
				LOCALIZATION_PREFERS_STRING_CATALOGS = YES;
				MTL_ENABLE_DEBUG_INFO = INCLUDE_SOURCE;
				MTL_FAST_MATH = YES;
				ONLY_ACTIVE_ARCH = YES;
				SDKROOT = iphoneos;
				SWIFT_ACTIVE_COMPILATION_CONDITIONS = "DEBUG $(inherited)";
				SWIFT_OPTIMIZATION_LEVEL = "-Onone";
			};
			name = Debug;
		};
		8268A11C2BDAFE5F0064FDCF /* Release */ = {
			isa = XCBuildConfiguration;
			buildSettings = {
				ALWAYS_SEARCH_USER_PATHS = NO;
				ASSETCATALOG_COMPILER_GENERATE_SWIFT_ASSET_SYMBOL_EXTENSIONS = YES;
				CLANG_ANALYZER_NONNULL = YES;
				CLANG_ANALYZER_NUMBER_OBJECT_CONVERSION = YES_AGGRESSIVE;
				CLANG_CXX_LANGUAGE_STANDARD = "gnu++20";
				CLANG_ENABLE_MODULES = YES;
				CLANG_ENABLE_OBJC_ARC = YES;
				CLANG_ENABLE_OBJC_WEAK = YES;
				CLANG_WARN_BLOCK_CAPTURE_AUTORELEASING = YES;
				CLANG_WARN_BOOL_CONVERSION = YES;
				CLANG_WARN_COMMA = YES;
				CLANG_WARN_CONSTANT_CONVERSION = YES;
				CLANG_WARN_DEPRECATED_OBJC_IMPLEMENTATIONS = YES;
				CLANG_WARN_DIRECT_OBJC_ISA_USAGE = YES_ERROR;
				CLANG_WARN_DOCUMENTATION_COMMENTS = YES;
				CLANG_WARN_EMPTY_BODY = YES;
				CLANG_WARN_ENUM_CONVERSION = YES;
				CLANG_WARN_INFINITE_RECURSION = YES;
				CLANG_WARN_INT_CONVERSION = YES;
				CLANG_WARN_NON_LITERAL_NULL_CONVERSION = YES;
				CLANG_WARN_OBJC_IMPLICIT_RETAIN_SELF = YES;
				CLANG_WARN_OBJC_LITERAL_CONVERSION = YES;
				CLANG_WARN_OBJC_ROOT_CLASS = YES_ERROR;
				CLANG_WARN_QUOTED_INCLUDE_IN_FRAMEWORK_HEADER = YES;
				CLANG_WARN_RANGE_LOOP_ANALYSIS = YES;
				CLANG_WARN_STRICT_PROTOTYPES = YES;
				CLANG_WARN_SUSPICIOUS_MOVE = YES;
				CLANG_WARN_UNGUARDED_AVAILABILITY = YES_AGGRESSIVE;
				CLANG_WARN_UNREACHABLE_CODE = YES;
				CLANG_WARN__DUPLICATE_METHOD_MATCH = YES;
				COPY_PHASE_STRIP = NO;
				DEBUG_INFORMATION_FORMAT = "dwarf-with-dsym";
				ENABLE_NS_ASSERTIONS = NO;
				ENABLE_STRICT_OBJC_MSGSEND = YES;
				ENABLE_USER_SCRIPT_SANDBOXING = YES;
				GCC_C_LANGUAGE_STANDARD = gnu17;
				GCC_NO_COMMON_BLOCKS = YES;
				GCC_WARN_64_TO_32_BIT_CONVERSION = YES;
				GCC_WARN_ABOUT_RETURN_TYPE = YES_ERROR;
				GCC_WARN_UNDECLARED_SELECTOR = YES;
				GCC_WARN_UNINITIALIZED_AUTOS = YES_AGGRESSIVE;
				GCC_WARN_UNUSED_FUNCTION = YES;
				GCC_WARN_UNUSED_VARIABLE = YES;
				IPHONEOS_DEPLOYMENT_TARGET = 17.4;
				LOCALIZATION_PREFERS_STRING_CATALOGS = YES;
				MTL_ENABLE_DEBUG_INFO = NO;
				MTL_FAST_MATH = YES;
				SDKROOT = iphoneos;
				SWIFT_COMPILATION_MODE = wholemodule;
				VALIDATE_PRODUCT = YES;
			};
			name = Release;
		};
		8268A11E2BDAFE5F0064FDCF /* Debug */ = {
			isa = XCBuildConfiguration;
			buildSettings = {
				ASSETCATALOG_COMPILER_APPICON_NAME = AppIcon;
				ASSETCATALOG_COMPILER_GLOBAL_ACCENT_COLOR_NAME = AccentColor;
				CODE_SIGN_STYLE = Automatic;
				CURRENT_PROJECT_VERSION = 1;
				DEVELOPMENT_ASSET_PATHS = "\"ToDoList/Preview Content\"";
				DEVELOPMENT_TEAM = H6B2U3568R;
				ENABLE_PREVIEWS = YES;
				GENERATE_INFOPLIST_FILE = YES;
				INFOPLIST_KEY_CFBundleDisplayName = "To Do List";
				INFOPLIST_KEY_UIApplicationSceneManifest_Generation = YES;
				INFOPLIST_KEY_UIApplicationSupportsIndirectInputEvents = YES;
				INFOPLIST_KEY_UILaunchScreen_Generation = YES;
				INFOPLIST_KEY_UISupportedInterfaceOrientations = UIInterfaceOrientationPortrait;
				INFOPLIST_KEY_UISupportedInterfaceOrientations_iPad = "UIInterfaceOrientationPortrait UIInterfaceOrientationPortraitUpsideDown";
				LD_RUNPATH_SEARCH_PATHS = (
					"$(inherited)",
					"@executable_path/Frameworks",
				);
				MARKETING_VERSION = 1.0;
				PRODUCT_BUNDLE_IDENTIFIER = me.williams.thomas.ToDoList;
				PRODUCT_NAME = "$(TARGET_NAME)";
				SWIFT_EMIT_LOC_STRINGS = YES;
				SWIFT_VERSION = 5.0;
				TARGETED_DEVICE_FAMILY = "1,2";
			};
			name = Debug;
		};
		8268A11F2BDAFE5F0064FDCF /* Release */ = {
			isa = XCBuildConfiguration;
			buildSettings = {
				ASSETCATALOG_COMPILER_APPICON_NAME = AppIcon;
				ASSETCATALOG_COMPILER_GLOBAL_ACCENT_COLOR_NAME = AccentColor;
				CODE_SIGN_STYLE = Automatic;
				CURRENT_PROJECT_VERSION = 1;
				DEVELOPMENT_ASSET_PATHS = "\"ToDoList/Preview Content\"";
				DEVELOPMENT_TEAM = H6B2U3568R;
				ENABLE_PREVIEWS = YES;
				GENERATE_INFOPLIST_FILE = YES;
				INFOPLIST_KEY_CFBundleDisplayName = "To Do List";
				INFOPLIST_KEY_UIApplicationSceneManifest_Generation = YES;
				INFOPLIST_KEY_UIApplicationSupportsIndirectInputEvents = YES;
				INFOPLIST_KEY_UILaunchScreen_Generation = YES;
				INFOPLIST_KEY_UISupportedInterfaceOrientations = UIInterfaceOrientationPortrait;
				INFOPLIST_KEY_UISupportedInterfaceOrientations_iPad = "UIInterfaceOrientationPortrait UIInterfaceOrientationPortraitUpsideDown";
				LD_RUNPATH_SEARCH_PATHS = (
					"$(inherited)",
					"@executable_path/Frameworks",
				);
				MARKETING_VERSION = 1.0;
				PRODUCT_BUNDLE_IDENTIFIER = me.williams.thomas.ToDoList;
				PRODUCT_NAME = "$(TARGET_NAME)";
				SWIFT_EMIT_LOC_STRINGS = YES;
				SWIFT_VERSION = 5.0;
				TARGETED_DEVICE_FAMILY = "1,2";
			};
			name = Release;
		};
/* End XCBuildConfiguration section */

/* Begin XCConfigurationList section */
		8268A10A2BDAFE5E0064FDCF /* Build configuration list for PBXProject "ToDoList" */ = {
			isa = XCConfigurationList;
			buildConfigurations = (
				8268A11B2BDAFE5F0064FDCF /* Debug */,
				8268A11C2BDAFE5F0064FDCF /* Release */,
			);
			defaultConfigurationIsVisible = 0;
			defaultConfigurationName = Release;
		};
		8268A11D2BDAFE5F0064FDCF /* Build configuration list for PBXNativeTarget "ToDoList" */ = {
			isa = XCConfigurationList;
			buildConfigurations = (
				8268A11E2BDAFE5F0064FDCF /* Debug */,
				8268A11F2BDAFE5F0064FDCF /* Release */,
			);
			defaultConfigurationIsVisible = 0;
			defaultConfigurationName = Release;
		};
/* End XCConfigurationList section */

/* Begin XCRemoteSwiftPackageReference section */
		8268A1202BDAFEB30064FDCF /* XCRemoteSwiftPackageReference "firebase-ios-sdk" */ = {
			isa = XCRemoteSwiftPackageReference;
			repositoryURL = "https://github.com/firebase/firebase-ios-sdk";
			requirement = {
				kind = upToNextMajorVersion;
				minimumVersion = 10.24.0;
			};
		};
/* End XCRemoteSwiftPackageReference section */

/* Begin XCSwiftPackageProductDependency section */
		8268A1212BDAFEB30064FDCF /* FirebaseAuth */ = {
			isa = XCSwiftPackageProductDependency;
			package = 8268A1202BDAFEB30064FDCF /* XCRemoteSwiftPackageReference "firebase-ios-sdk" */;
			productName = FirebaseAuth;
		};
		8268A1232BDAFEB30064FDCF /* FirebaseFirestore */ = {
			isa = XCSwiftPackageProductDependency;
			package = 8268A1202BDAFEB30064FDCF /* XCRemoteSwiftPackageReference "firebase-ios-sdk" */;
			productName = FirebaseFirestore;
		};
		8268A1252BDAFEB30064FDCF /* FirebaseFirestoreSwift */ = {
			isa = XCSwiftPackageProductDependency;
			package = 8268A1202BDAFEB30064FDCF /* XCRemoteSwiftPackageReference "firebase-ios-sdk" */;
			productName = FirebaseFirestoreSwift;
		};
/* End XCSwiftPackageProductDependency section */
	};
	rootObject = 8268A1072BDAFE5E0064FDCF /* Project object */;
}
